PODS:
  - EasySwiftHook (3.3.0):
    - libffi-iOS (~> 3.3.6-iOS)
  - EmbeddedScrollView (1.1.0):
    - EasySwiftHook (~> 3.3)
  - libffi-iOS (3.3.6-iOS)

DEPENDENCIES:
  - EmbeddedScrollView (from `../`)

SPEC REPOS:
  https://github.com/CocoaPods/Specs.git:
    - EasySwiftHook
    - libffi-iOS

EXTERNAL SOURCES:
  EmbeddedScrollView:
    :path: "../"

SPEC CHECKSUMS:
  EasySwiftHook: 4b5807b4329aee208fbc19bc1f7e588c5b0b0c5f
  EmbeddedScrollView: 1c65efbf0bec5ab1ceb571d75e081d14f8e73f02
  libffi-iOS: 2932b5feac77dc5de0eca4a72269e2c9928a26af

PODFILE CHECKSUM: 5a0a073ef4dc532c63844b4b6045ba5e9b74a67a

COCOAPODS: 1.9.3
