PODS:
  - EasySwiftHook (3.1.1):
    - libffi-iOS (~> 3.3.3-iOS)
  - EmbeddedScrollView (1.0.0):
    - EasySwiftHook (~> 3.1)
  - libffi-iOS (3.3.3-iOS)

DEPENDENCIES:
  - EmbeddedScrollView (from `../`)

SPEC REPOS:
  https://github.com/CocoaPods/Specs.git:
    - EasySwiftHook
    - libffi-iOS

EXTERNAL SOURCES:
  EmbeddedScrollView:
    :path: "../"

SPEC CHECKSUMS:
  EasySwiftHook: 84cf2c0f9b95bb8e1fcc4484d86636e93fa5f0ab
  EmbeddedScrollView: d6e970034374be59c2e22b698c4815e82f4244f6
  libffi-iOS: 09ffcd51939f869b3764f896cb097db210325815

PODFILE CHECKSUM: 5a0a073ef4dc532c63844b4b6045ba5e9b74a67a

COCOAPODS: 1.9.3
